// !$*UTF8*$!
{
	archiveVersion = 1;
	classes = {
	};
	objectVersion = 56;
	objects = {

/* Begin PBXBuildFile section */
		2A06BAFE2961328E00627D12 /* EaselApp.swift in Sources */ = {isa = PBXBuildFile; fileRef = 2A06BAFD2961328E00627D12 /* EaselApp.swift */; };
		2A06BB002961328E00627D12 /* ContentView.swift in Sources */ = {isa = PBXBuildFile; fileRef = 2A06BAFF2961328E00627D12 /* ContentView.swift */; };
		2A06BB022961328F00627D12 /* Assets.xcassets in Resources */ = {isa = PBXBuildFile; fileRef = 2A06BB012961328F00627D12 /* Assets.xcassets */; };
		2A06BB052961328F00627D12 /* Preview Assets.xcassets in Resources */ = {isa = PBXBuildFile; fileRef = 2A06BB042961328F00627D12 /* Preview Assets.xcassets */; };
		2A06BB0F2961329000627D12 /* EaselTests.swift in Sources */ = {isa = PBXBuildFile; fileRef = 2A06BB0E2961329000627D12 /* EaselTests.swift */; };
		2A06BB192961329000627D12 /* EaselUITests.swift in Sources */ = {isa = PBXBuildFile; fileRef = 2A06BB182961329000627D12 /* EaselUITests.swift */; };
		2A06BB1B2961329000627D12 /* EaselUITestsLaunchTests.swift in Sources */ = {isa = PBXBuildFile; fileRef = 2A06BB1A2961329000627D12 /* EaselUITestsLaunchTests.swift */; };
		2A2F1023296672FA00FC3F4E /* MeetingView.swift in Sources */ = {isa = PBXBuildFile; fileRef = 2A2F1022296672FA00FC3F4E /* MeetingView.swift */; };
		2A2F102629667A3200FC3F4E /* Theme.swift in Sources */ = {isa = PBXBuildFile; fileRef = 2A2F102529667A3200FC3F4E /* Theme.swift */; };
		2A2F102829667A8300FC3F4E /* DailyScrum.swift in Sources */ = {isa = PBXBuildFile; fileRef = 2A2F102729667A8300FC3F4E /* DailyScrum.swift */; };
		2A2F102A29667B2A00FC3F4E /* CardView.swift in Sources */ = {isa = PBXBuildFile; fileRef = 2A2F102929667B2A00FC3F4E /* CardView.swift */; };
		2A2F102C2966839400FC3F4E /* TrailingIconLabelStyle.swift in Sources */ = {isa = PBXBuildFile; fileRef = 2A2F102B2966839400FC3F4E /* TrailingIconLabelStyle.swift */; };
		2A2F102E2966847200FC3F4E /* ScrumsView.swift in Sources */ = {isa = PBXBuildFile; fileRef = 2A2F102D2966847200FC3F4E /* ScrumsView.swift */; };
		2A2F10322966936500FC3F4E /* DetailView.swift in Sources */ = {isa = PBXBuildFile; fileRef = 2A2F10312966936500FC3F4E /* DetailView.swift */; };
/* End PBXBuildFile section */

/* Begin PBXContainerItemProxy section */
		2A06BB0B2961329000627D12 /* PBXContainerItemProxy */ = {
			isa = PBXContainerItemProxy;
			containerPortal = 2A06BAF22961328E00627D12 /* Project object */;
			proxyType = 1;
			remoteGlobalIDString = 2A06BAF92961328E00627D12;
			remoteInfo = Easel;
		};
		2A06BB152961329000627D12 /* PBXContainerItemProxy */ = {
			isa = PBXContainerItemProxy;
			containerPortal = 2A06BAF22961328E00627D12 /* Project object */;
			proxyType = 1;
			remoteGlobalIDString = 2A06BAF92961328E00627D12;
			remoteInfo = Easel;
		};
/* End PBXContainerItemProxy section */

/* Begin PBXFileReference section */
		2A06BAFA2961328E00627D12 /* Easel.app */ = {isa = PBXFileReference; explicitFileType = wrapper.application; includeInIndex = 0; path = Easel.app; sourceTree = BUILT_PRODUCTS_DIR; };
		2A06BAFD2961328E00627D12 /* EaselApp.swift */ = {isa = PBXFileReference; lastKnownFileType = sourcecode.swift; path = EaselApp.swift; sourceTree = "<group>"; };
		2A06BAFF2961328E00627D12 /* ContentView.swift */ = {isa = PBXFileReference; lastKnownFileType = sourcecode.swift; path = ContentView.swift; sourceTree = "<group>"; };
		2A06BB012961328F00627D12 /* Assets.xcassets */ = {isa = PBXFileReference; lastKnownFileType = folder.assetcatalog; path = Assets.xcassets; sourceTree = "<group>"; };
		2A06BB042961328F00627D12 /* Preview Assets.xcassets */ = {isa = PBXFileReference; lastKnownFileType = folder.assetcatalog; path = "Preview Assets.xcassets"; sourceTree = "<group>"; };
		2A06BB0A2961329000627D12 /* EaselTests.xctest */ = {isa = PBXFileReference; explicitFileType = wrapper.cfbundle; includeInIndex = 0; path = EaselTests.xctest; sourceTree = BUILT_PRODUCTS_DIR; };
		2A06BB0E2961329000627D12 /* EaselTests.swift */ = {isa = PBXFileReference; lastKnownFileType = sourcecode.swift; path = EaselTests.swift; sourceTree = "<group>"; };
		2A06BB142961329000627D12 /* EaselUITests.xctest */ = {isa = PBXFileReference; explicitFileType = wrapper.cfbundle; includeInIndex = 0; path = EaselUITests.xctest; sourceTree = BUILT_PRODUCTS_DIR; };
		2A06BB182961329000627D12 /* EaselUITests.swift */ = {isa = PBXFileReference; lastKnownFileType = sourcecode.swift; path = EaselUITests.swift; sourceTree = "<group>"; };
		2A06BB1A2961329000627D12 /* EaselUITestsLaunchTests.swift */ = {isa = PBXFileReference; lastKnownFileType = sourcecode.swift; path = EaselUITestsLaunchTests.swift; sourceTree = "<group>"; };
		2A2F1022296672FA00FC3F4E /* MeetingView.swift */ = {isa = PBXFileReference; lastKnownFileType = sourcecode.swift; path = MeetingView.swift; sourceTree = "<group>"; };
		2A2F102529667A3200FC3F4E /* Theme.swift */ = {isa = PBXFileReference; lastKnownFileType = sourcecode.swift; path = Theme.swift; sourceTree = "<group>"; };
		2A2F102729667A8300FC3F4E /* DailyScrum.swift */ = {isa = PBXFileReference; lastKnownFileType = sourcecode.swift; path = DailyScrum.swift; sourceTree = "<group>"; };
		2A2F102929667B2A00FC3F4E /* CardView.swift */ = {isa = PBXFileReference; lastKnownFileType = sourcecode.swift; path = CardView.swift; sourceTree = "<group>"; };
		2A2F102B2966839400FC3F4E /* TrailingIconLabelStyle.swift */ = {isa = PBXFileReference; lastKnownFileType = sourcecode.swift; path = TrailingIconLabelStyle.swift; sourceTree = "<group>"; };
		2A2F102D2966847200FC3F4E /* ScrumsView.swift */ = {isa = PBXFileReference; lastKnownFileType = sourcecode.swift; path = ScrumsView.swift; sourceTree = "<group>"; };
		2A2F10312966936500FC3F4E /* DetailView.swift */ = {isa = PBXFileReference; lastKnownFileType = sourcecode.swift; path = DetailView.swift; sourceTree = "<group>"; };
/* End PBXFileReference section */

/* Begin PBXFrameworksBuildPhase section */
		2A06BAF72961328E00627D12 /* Frameworks */ = {
			isa = PBXFrameworksBuildPhase;
			buildActionMask = 2147483647;
			files = (
			);
			runOnlyForDeploymentPostprocessing = 0;
		};
		2A06BB072961329000627D12 /* Frameworks */ = {
			isa = PBXFrameworksBuildPhase;
			buildActionMask = 2147483647;
			files = (
			);
			runOnlyForDeploymentPostprocessing = 0;
		};
		2A06BB112961329000627D12 /* Frameworks */ = {
			isa = PBXFrameworksBuildPhase;
			buildActionMask = 2147483647;
			files = (
			);
			runOnlyForDeploymentPostprocessing = 0;
		};
/* End PBXFrameworksBuildPhase section */

/* Begin PBXGroup section */
		2A06BAF12961328E00627D12 = {
			isa = PBXGroup;
			children = (
				2A06BAFC2961328E00627D12 /* Easel */,
				2A06BB0D2961329000627D12 /* EaselTests */,
				2A06BB172961329000627D12 /* EaselUITests */,
				2A06BAFB2961328E00627D12 /* Products */,
			);
			sourceTree = "<group>";
		};
		2A06BAFB2961328E00627D12 /* Products */ = {
			isa = PBXGroup;
			children = (
				2A06BAFA2961328E00627D12 /* Easel.app */,
				2A06BB0A2961329000627D12 /* EaselTests.xctest */,
				2A06BB142961329000627D12 /* EaselUITests.xctest */,
			);
			name = Products;
			sourceTree = "<group>";
		};
		2A06BAFC2961328E00627D12 /* Easel */ = {
			isa = PBXGroup;
			children = (
				2A2F102429667A1E00FC3F4E /* Models */,
				2A06BAFD2961328E00627D12 /* EaselApp.swift */,
				2A06BAFF2961328E00627D12 /* ContentView.swift */,
				2A2F102929667B2A00FC3F4E /* CardView.swift */,
				2A2F102B2966839400FC3F4E /* TrailingIconLabelStyle.swift */,
				2A2F1022296672FA00FC3F4E /* MeetingView.swift */,
				2A2F10312966936500FC3F4E /* DetailView.swift */,
				2A2F102D2966847200FC3F4E /* ScrumsView.swift */,
				2A06BB012961328F00627D12 /* Assets.xcassets */,
				2A06BB032961328F00627D12 /* Preview Content */,
			);
			path = Easel;
			sourceTree = "<group>";
		};
		2A06BB032961328F00627D12 /* Preview Content */ = {
			isa = PBXGroup;
			children = (
				2A06BB042961328F00627D12 /* Preview Assets.xcassets */,
			);
			path = "Preview Content";
			sourceTree = "<group>";
		};
		2A06BB0D2961329000627D12 /* EaselTests */ = {
			isa = PBXGroup;
			children = (
				2A06BB0E2961329000627D12 /* EaselTests.swift */,
			);
			path = EaselTests;
			sourceTree = "<group>";
		};
		2A06BB172961329000627D12 /* EaselUITests */ = {
			isa = PBXGroup;
			children = (
				2A06BB182961329000627D12 /* EaselUITests.swift */,
				2A06BB1A2961329000627D12 /* EaselUITestsLaunchTests.swift */,
			);
			path = EaselUITests;
			sourceTree = "<group>";
		};
		2A2F102429667A1E00FC3F4E /* Models */ = {
			isa = PBXGroup;
			children = (
				2A2F102529667A3200FC3F4E /* Theme.swift */,
				2A2F102729667A8300FC3F4E /* DailyScrum.swift */,
			);
			path = Models;
			sourceTree = "<group>";
		};
/* End PBXGroup section */

/* Begin PBXNativeTarget section */
		2A06BAF92961328E00627D12 /* Easel */ = {
			isa = PBXNativeTarget;
			buildConfigurationList = 2A06BB1E2961329000627D12 /* Build configuration list for PBXNativeTarget "Easel" */;
			buildPhases = (
				2A06BAF62961328E00627D12 /* Sources */,
				2A06BAF72961328E00627D12 /* Frameworks */,
				2A06BAF82961328E00627D12 /* Resources */,
			);
			buildRules = (
			);
			dependencies = (
			);
			name = Easel;
			productName = Easel;
			productReference = 2A06BAFA2961328E00627D12 /* Easel.app */;
			productType = "com.apple.product-type.application";
		};
		2A06BB092961329000627D12 /* EaselTests */ = {
			isa = PBXNativeTarget;
			buildConfigurationList = 2A06BB212961329000627D12 /* Build configuration list for PBXNativeTarget "EaselTests" */;
			buildPhases = (
				2A06BB062961329000627D12 /* Sources */,
				2A06BB072961329000627D12 /* Frameworks */,
				2A06BB082961329000627D12 /* Resources */,
			);
			buildRules = (
			);
			dependencies = (
				2A06BB0C2961329000627D12 /* PBXTargetDependency */,
			);
			name = EaselTests;
			productName = EaselTests;
			productReference = 2A06BB0A2961329000627D12 /* EaselTests.xctest */;
			productType = "com.apple.product-type.bundle.unit-test";
		};
		2A06BB132961329000627D12 /* EaselUITests */ = {
			isa = PBXNativeTarget;
			buildConfigurationList = 2A06BB242961329000627D12 /* Build configuration list for PBXNativeTarget "EaselUITests" */;
			buildPhases = (
				2A06BB102961329000627D12 /* Sources */,
				2A06BB112961329000627D12 /* Frameworks */,
				2A06BB122961329000627D12 /* Resources */,
			);
			buildRules = (
			);
			dependencies = (
				2A06BB162961329000627D12 /* PBXTargetDependency */,
			);
			name = EaselUITests;
			productName = EaselUITests;
			productReference = 2A06BB142961329000627D12 /* EaselUITests.xctest */;
			productType = "com.apple.product-type.bundle.ui-testing";
		};
/* End PBXNativeTarget section */

/* Begin PBXProject section */
		2A06BAF22961328E00627D12 /* Project object */ = {
			isa = PBXProject;
			attributes = {
				BuildIndependentTargetsInParallel = 1;
				LastSwiftUpdateCheck = 1410;
				LastUpgradeCheck = 1410;
				TargetAttributes = {
					2A06BAF92961328E00627D12 = {
						CreatedOnToolsVersion = 14.1;
					};
					2A06BB092961329000627D12 = {
						CreatedOnToolsVersion = 14.1;
						TestTargetID = 2A06BAF92961328E00627D12;
					};
					2A06BB132961329000627D12 = {
						CreatedOnToolsVersion = 14.1;
						TestTargetID = 2A06BAF92961328E00627D12;
					};
				};
			};
			buildConfigurationList = 2A06BAF52961328E00627D12 /* Build configuration list for PBXProject "Easel" */;
			compatibilityVersion = "Xcode 14.0";
			developmentRegion = en;
			hasScannedForEncodings = 0;
			knownRegions = (
				en,
				Base,
			);
			mainGroup = 2A06BAF12961328E00627D12;
			productRefGroup = 2A06BAFB2961328E00627D12 /* Products */;
			projectDirPath = "";
			projectRoot = "";
			targets = (
				2A06BAF92961328E00627D12 /* Easel */,
				2A06BB092961329000627D12 /* EaselTests */,
				2A06BB132961329000627D12 /* EaselUITests */,
			);
		};
/* End PBXProject section */

/* Begin PBXResourcesBuildPhase section */
		2A06BAF82961328E00627D12 /* Resources */ = {
			isa = PBXResourcesBuildPhase;
			buildActionMask = 2147483647;
			files = (
				2A06BB052961328F00627D12 /* Preview Assets.xcassets in Resources */,
				2A06BB022961328F00627D12 /* Assets.xcassets in Resources */,
			);
			runOnlyForDeploymentPostprocessing = 0;
		};
		2A06BB082961329000627D12 /* Resources */ = {
			isa = PBXResourcesBuildPhase;
			buildActionMask = 2147483647;
			files = (
			);
			runOnlyForDeploymentPostprocessing = 0;
		};
		2A06BB122961329000627D12 /* Resources */ = {
			isa = PBXResourcesBuildPhase;
			buildActionMask = 2147483647;
			files = (
			);
			runOnlyForDeploymentPostprocessing = 0;
		};
/* End PBXResourcesBuildPhase section */

/* Begin PBXSourcesBuildPhase section */
		2A06BAF62961328E00627D12 /* Sources */ = {
			isa = PBXSourcesBuildPhase;
			buildActionMask = 2147483647;
			files = (
				2A2F102829667A8300FC3F4E /* DailyScrum.swift in Sources */,
				2A2F10322966936500FC3F4E /* DetailView.swift in Sources */,
				2A06BB002961328E00627D12 /* ContentView.swift in Sources */,
				2A2F102629667A3200FC3F4E /* Theme.swift in Sources */,
				2A2F102E2966847200FC3F4E /* ScrumsView.swift in Sources */,
				2A2F1023296672FA00FC3F4E /* MeetingView.swift in Sources */,
				2A2F102A29667B2A00FC3F4E /* CardView.swift in Sources */,
				2A06BAFE2961328E00627D12 /* EaselApp.swift in Sources */,
				2A2F102C2966839400FC3F4E /* TrailingIconLabelStyle.swift in Sources */,
			);
			runOnlyForDeploymentPostprocessing = 0;
		};
		2A06BB062961329000627D12 /* Sources */ = {
			isa = PBXSourcesBuildPhase;
			buildActionMask = 2147483647;
			files = (
				2A06BB0F2961329000627D12 /* EaselTests.swift in Sources */,
			);
			runOnlyForDeploymentPostprocessing = 0;
		};
		2A06BB102961329000627D12 /* Sources */ = {
			isa = PBXSourcesBuildPhase;
			buildActionMask = 2147483647;
			files = (
				2A06BB192961329000627D12 /* EaselUITests.swift in Sources */,
				2A06BB1B2961329000627D12 /* EaselUITestsLaunchTests.swift in Sources */,
			);
			runOnlyForDeploymentPostprocessing = 0;
		};
/* End PBXSourcesBuildPhase section */

/* Begin PBXTargetDependency section */
		2A06BB0C2961329000627D12 /* PBXTargetDependency */ = {
			isa = PBXTargetDependency;
			target = 2A06BAF92961328E00627D12 /* Easel */;
			targetProxy = 2A06BB0B2961329000627D12 /* PBXContainerItemProxy */;
		};
		2A06BB162961329000627D12 /* PBXTargetDependency */ = {
			isa = PBXTargetDependency;
			target = 2A06BAF92961328E00627D12 /* Easel */;
			targetProxy = 2A06BB152961329000627D12 /* PBXContainerItemProxy */;
		};
/* End PBXTargetDependency section */

/* Begin XCBuildConfiguration section */
		2A06BB1C2961329000627D12 /* Debug */ = {
			isa = XCBuildConfiguration;
			buildSettings = {
				ALWAYS_SEARCH_USER_PATHS = NO;
				CLANG_ANALYZER_NONNULL = YES;
				CLANG_ANALYZER_NUMBER_OBJECT_CONVERSION = YES_AGGRESSIVE;
				CLANG_CXX_LANGUAGE_STANDARD = "gnu++20";
				CLANG_ENABLE_MODULES = YES;
				CLANG_ENABLE_OBJC_ARC = YES;
				CLANG_ENABLE_OBJC_WEAK = YES;
				CLANG_WARN_BLOCK_CAPTURE_AUTORELEASING = YES;
				CLANG_WARN_BOOL_CONVERSION = YES;
				CLANG_WARN_COMMA = YES;
				CLANG_WARN_CONSTANT_CONVERSION = YES;
				CLANG_WARN_DEPRECATED_OBJC_IMPLEMENTATIONS = YES;
				CLANG_WARN_DIRECT_OBJC_ISA_USAGE = YES_ERROR;
				CLANG_WARN_DOCUMENTATION_COMMENTS = YES;
				CLANG_WARN_EMPTY_BODY = YES;
				CLANG_WARN_ENUM_CONVERSION = YES;
				CLANG_WARN_INFINITE_RECURSION = YES;
				CLANG_WARN_INT_CONVERSION = YES;
				CLANG_WARN_NON_LITERAL_NULL_CONVERSION = YES;
				CLANG_WARN_OBJC_IMPLICIT_RETAIN_SELF = YES;
				CLANG_WARN_OBJC_LITERAL_CONVERSION = YES;
				CLANG_WARN_OBJC_ROOT_CLASS = YES_ERROR;
				CLANG_WARN_QUOTED_INCLUDE_IN_FRAMEWORK_HEADER = YES;
				CLANG_WARN_RANGE_LOOP_ANALYSIS = YES;
				CLANG_WARN_STRICT_PROTOTYPES = YES;
				CLANG_WARN_SUSPICIOUS_MOVE = YES;
				CLANG_WARN_UNGUARDED_AVAILABILITY = YES_AGGRESSIVE;
				CLANG_WARN_UNREACHABLE_CODE = YES;
				CLANG_WARN__DUPLICATE_METHOD_MATCH = YES;
				COPY_PHASE_STRIP = NO;
				DEBUG_INFORMATION_FORMAT = dwarf;
				ENABLE_STRICT_OBJC_MSGSEND = YES;
				ENABLE_TESTABILITY = YES;
				GCC_C_LANGUAGE_STANDARD = gnu11;
				GCC_DYNAMIC_NO_PIC = NO;
				GCC_NO_COMMON_BLOCKS = YES;
				GCC_OPTIMIZATION_LEVEL = 0;
				GCC_PREPROCESSOR_DEFINITIONS = (
					"DEBUG=1",
					"$(inherited)",
				);
				GCC_WARN_64_TO_32_BIT_CONVERSION = YES;
				GCC_WARN_ABOUT_RETURN_TYPE = YES_ERROR;
				GCC_WARN_UNDECLARED_SELECTOR = YES;
				GCC_WARN_UNINITIALIZED_AUTOS = YES_AGGRESSIVE;
				GCC_WARN_UNUSED_FUNCTION = YES;
				GCC_WARN_UNUSED_VARIABLE = YES;
				IPHONEOS_DEPLOYMENT_TARGET = 16.1;
				MTL_ENABLE_DEBUG_INFO = INCLUDE_SOURCE;
				MTL_FAST_MATH = YES;
				ONLY_ACTIVE_ARCH = YES;
				SDKROOT = iphoneos;
				SWIFT_ACTIVE_COMPILATION_CONDITIONS = DEBUG;
				SWIFT_OPTIMIZATION_LEVEL = "-Onone";
			};
			name = Debug;
		};
		2A06BB1D2961329000627D12 /* Release */ = {
			isa = XCBuildConfiguration;
			buildSettings = {
				ALWAYS_SEARCH_USER_PATHS = NO;
				CLANG_ANALYZER_NONNULL = YES;
				CLANG_ANALYZER_NUMBER_OBJECT_CONVERSION = YES_AGGRESSIVE;
				CLANG_CXX_LANGUAGE_STANDARD = "gnu++20";
				CLANG_ENABLE_MODULES = YES;
				CLANG_ENABLE_OBJC_ARC = YES;
				CLANG_ENABLE_OBJC_WEAK = YES;
				CLANG_WARN_BLOCK_CAPTURE_AUTORELEASING = YES;
				CLANG_WARN_BOOL_CONVERSION = YES;
				CLANG_WARN_COMMA = YES;
				CLANG_WARN_CONSTANT_CONVERSION = YES;
				CLANG_WARN_DEPRECATED_OBJC_IMPLEMENTATIONS = YES;
				CLANG_WARN_DIRECT_OBJC_ISA_USAGE = YES_ERROR;
				CLANG_WARN_DOCUMENTATION_COMMENTS = YES;
				CLANG_WARN_EMPTY_BODY = YES;
				CLANG_WARN_ENUM_CONVERSION = YES;
				CLANG_WARN_INFINITE_RECURSION = YES;
				CLANG_WARN_INT_CONVERSION = YES;
				CLANG_WARN_NON_LITERAL_NULL_CONVERSION = YES;
				CLANG_WARN_OBJC_IMPLICIT_RETAIN_SELF = YES;
				CLANG_WARN_OBJC_LITERAL_CONVERSION = YES;
				CLANG_WARN_OBJC_ROOT_CLASS = YES_ERROR;
				CLANG_WARN_QUOTED_INCLUDE_IN_FRAMEWORK_HEADER = YES;
				CLANG_WARN_RANGE_LOOP_ANALYSIS = YES;
				CLANG_WARN_STRICT_PROTOTYPES = YES;
				CLANG_WARN_SUSPICIOUS_MOVE = YES;
				CLANG_WARN_UNGUARDED_AVAILABILITY = YES_AGGRESSIVE;
				CLANG_WARN_UNREACHABLE_CODE = YES;
				CLANG_WARN__DUPLICATE_METHOD_MATCH = YES;
				COPY_PHASE_STRIP = NO;
				DEBUG_INFORMATION_FORMAT = "dwarf-with-dsym";
				ENABLE_NS_ASSERTIONS = NO;
				ENABLE_STRICT_OBJC_MSGSEND = YES;
				GCC_C_LANGUAGE_STANDARD = gnu11;
				GCC_NO_COMMON_BLOCKS = YES;
				GCC_WARN_64_TO_32_BIT_CONVERSION = YES;
				GCC_WARN_ABOUT_RETURN_TYPE = YES_ERROR;
				GCC_WARN_UNDECLARED_SELECTOR = YES;
				GCC_WARN_UNINITIALIZED_AUTOS = YES_AGGRESSIVE;
				GCC_WARN_UNUSED_FUNCTION = YES;
				GCC_WARN_UNUSED_VARIABLE = YES;
				IPHONEOS_DEPLOYMENT_TARGET = 16.1;
				MTL_ENABLE_DEBUG_INFO = NO;
				MTL_FAST_MATH = YES;
				SDKROOT = iphoneos;
				SWIFT_COMPILATION_MODE = wholemodule;
				SWIFT_OPTIMIZATION_LEVEL = "-O";
				VALIDATE_PRODUCT = YES;
			};
			name = Release;
		};
		2A06BB1F2961329000627D12 /* Debug */ = {
			isa = XCBuildConfiguration;
			buildSettings = {
				ASSETCATALOG_COMPILER_APPICON_NAME = AppIcon;
				ASSETCATALOG_COMPILER_GLOBAL_ACCENT_COLOR_NAME = AccentColor;
				CODE_SIGN_STYLE = Automatic;
				CURRENT_PROJECT_VERSION = 1;
				DEVELOPMENT_ASSET_PATHS = "\"Easel/Preview Content\"";
				ENABLE_PREVIEWS = YES;
				GENERATE_INFOPLIST_FILE = YES;
				INFOPLIST_KEY_UIApplicationSceneManifest_Generation = YES;
				INFOPLIST_KEY_UIApplicationSupportsIndirectInputEvents = YES;
				INFOPLIST_KEY_UILaunchScreen_Generation = YES;
				INFOPLIST_KEY_UISupportedInterfaceOrientations_iPad = "UIInterfaceOrientationPortrait UIInterfaceOrientationPortraitUpsideDown UIInterfaceOrientationLandscapeLeft UIInterfaceOrientationLandscapeRight";
				INFOPLIST_KEY_UISupportedInterfaceOrientations_iPhone = "UIInterfaceOrientationPortrait UIInterfaceOrientationLandscapeLeft UIInterfaceOrientationLandscapeRight";
				LD_RUNPATH_SEARCH_PATHS = (
					"$(inherited)",
					"@executable_path/Frameworks",
				);
				MARKETING_VERSION = 1.0;
				PRODUCT_BUNDLE_IDENTIFIER = me.Fad.Rahim.Easel;
				PRODUCT_NAME = "$(TARGET_NAME)";
				SWIFT_EMIT_LOC_STRINGS = YES;
				SWIFT_VERSION = 5.0;
				TARGETED_DEVICE_FAMILY = "1,2";
			};
			name = Debug;
		};
		2A06BB202961329000627D12 /* Release */ = {
			isa = XCBuildConfiguration;
			buildSettings = {
				ASSETCATALOG_COMPILER_APPICON_NAME = AppIcon;
				ASSETCATALOG_COMPILER_GLOBAL_ACCENT_COLOR_NAME = AccentColor;
				CODE_SIGN_STYLE = Automatic;
				CURRENT_PROJECT_VERSION = 1;
				DEVELOPMENT_ASSET_PATHS = "\"Easel/Preview Content\"";
				ENABLE_PREVIEWS = YES;
				GENERATE_INFOPLIST_FILE = YES;
				INFOPLIST_KEY_UIApplicationSceneManifest_Generation = YES;
				INFOPLIST_KEY_UIApplicationSupportsIndirectInputEvents = YES;
				INFOPLIST_KEY_UILaunchScreen_Generation = YES;
				INFOPLIST_KEY_UISupportedInterfaceOrientations_iPad = "UIInterfaceOrientationPortrait UIInterfaceOrientationPortraitUpsideDown UIInterfaceOrientationLandscapeLeft UIInterfaceOrientationLandscapeRight";
				INFOPLIST_KEY_UISupportedInterfaceOrientations_iPhone = "UIInterfaceOrientationPortrait UIInterfaceOrientationLandscapeLeft UIInterfaceOrientationLandscapeRight";
				LD_RUNPATH_SEARCH_PATHS = (
					"$(inherited)",
					"@executable_path/Frameworks",
				);
				MARKETING_VERSION = 1.0;
				PRODUCT_BUNDLE_IDENTIFIER = me.Fad.Rahim.Easel;
				PRODUCT_NAME = "$(TARGET_NAME)";
				SWIFT_EMIT_LOC_STRINGS = YES;
				SWIFT_VERSION = 5.0;
				TARGETED_DEVICE_FAMILY = "1,2";
			};
			name = Release;
		};
		2A06BB222961329000627D12 /* Debug */ = {
			isa = XCBuildConfiguration;
			buildSettings = {
				ALWAYS_EMBED_SWIFT_STANDARD_LIBRARIES = YES;
				BUNDLE_LOADER = "$(TEST_HOST)";
				CODE_SIGN_STYLE = Automatic;
				CURRENT_PROJECT_VERSION = 1;
				GENERATE_INFOPLIST_FILE = YES;
				IPHONEOS_DEPLOYMENT_TARGET = 16.1;
				MARKETING_VERSION = 1.0;
				PRODUCT_BUNDLE_IDENTIFIER = me.Fad.Rahim.EaselTests;
				PRODUCT_NAME = "$(TARGET_NAME)";
				SWIFT_EMIT_LOC_STRINGS = NO;
				SWIFT_VERSION = 5.0;
				TARGETED_DEVICE_FAMILY = "1,2";
				TEST_HOST = "$(BUILT_PRODUCTS_DIR)/Easel.app/$(BUNDLE_EXECUTABLE_FOLDER_PATH)/Easel";
			};
			name = Debug;
		};
		2A06BB232961329000627D12 /* Release */ = {
			isa = XCBuildConfiguration;
			buildSettings = {
				ALWAYS_EMBED_SWIFT_STANDARD_LIBRARIES = YES;
				BUNDLE_LOADER = "$(TEST_HOST)";
				CODE_SIGN_STYLE = Automatic;
				CURRENT_PROJECT_VERSION = 1;
				GENERATE_INFOPLIST_FILE = YES;
				IPHONEOS_DEPLOYMENT_TARGET = 16.1;
				MARKETING_VERSION = 1.0;
				PRODUCT_BUNDLE_IDENTIFIER = me.Fad.Rahim.EaselTests;
				PRODUCT_NAME = "$(TARGET_NAME)";
				SWIFT_EMIT_LOC_STRINGS = NO;
				SWIFT_VERSION = 5.0;
				TARGETED_DEVICE_FAMILY = "1,2";
				TEST_HOST = "$(BUILT_PRODUCTS_DIR)/Easel.app/$(BUNDLE_EXECUTABLE_FOLDER_PATH)/Easel";
			};
			name = Release;
		};
		2A06BB252961329000627D12 /* Debug */ = {
			isa = XCBuildConfiguration;
			buildSettings = {
				ALWAYS_EMBED_SWIFT_STANDARD_LIBRARIES = YES;
				CODE_SIGN_STYLE = Automatic;
				CURRENT_PROJECT_VERSION = 1;
				GENERATE_INFOPLIST_FILE = YES;
				MARKETING_VERSION = 1.0;
				PRODUCT_BUNDLE_IDENTIFIER = me.Fad.Rahim.EaselUITests;
				PRODUCT_NAME = "$(TARGET_NAME)";
				SWIFT_EMIT_LOC_STRINGS = NO;
				SWIFT_VERSION = 5.0;
				TARGETED_DEVICE_FAMILY = "1,2";
				TEST_TARGET_NAME = Easel;
			};
			name = Debug;
		};
		2A06BB262961329000627D12 /* Release */ = {
			isa = XCBuildConfiguration;
			buildSettings = {
				ALWAYS_EMBED_SWIFT_STANDARD_LIBRARIES = YES;
				CODE_SIGN_STYLE = Automatic;
				CURRENT_PROJECT_VERSION = 1;
				GENERATE_INFOPLIST_FILE = YES;
				MARKETING_VERSION = 1.0;
				PRODUCT_BUNDLE_IDENTIFIER = me.Fad.Rahim.EaselUITests;
				PRODUCT_NAME = "$(TARGET_NAME)";
				SWIFT_EMIT_LOC_STRINGS = NO;
				SWIFT_VERSION = 5.0;
				TARGETED_DEVICE_FAMILY = "1,2";
				TEST_TARGET_NAME = Easel;
			};
			name = Release;
		};
/* End XCBuildConfiguration section */

/* Begin XCConfigurationList section */
		2A06BAF52961328E00627D12 /* Build configuration list for PBXProject "Easel" */ = {
			isa = XCConfigurationList;
			buildConfigurations = (
				2A06BB1C2961329000627D12 /* Debug */,
				2A06BB1D2961329000627D12 /* Release */,
			);
			defaultConfigurationIsVisible = 0;
			defaultConfigurationName = Release;
		};
		2A06BB1E2961329000627D12 /* Build configuration list for PBXNativeTarget "Easel" */ = {
			isa = XCConfigurationList;
			buildConfigurations = (
				2A06BB1F2961329000627D12 /* Debug */,
				2A06BB202961329000627D12 /* Release */,
			);
			defaultConfigurationIsVisible = 0;
			defaultConfigurationName = Release;
		};
		2A06BB212961329000627D12 /* Build configuration list for PBXNativeTarget "EaselTests" */ = {
			isa = XCConfigurationList;
			buildConfigurations = (
				2A06BB222961329000627D12 /* Debug */,
				2A06BB232961329000627D12 /* Release */,
			);
			defaultConfigurationIsVisible = 0;
			defaultConfigurationName = Release;
		};
		2A06BB242961329000627D12 /* Build configuration list for PBXNativeTarget "EaselUITests" */ = {
			isa = XCConfigurationList;
			buildConfigurations = (
				2A06BB252961329000627D12 /* Debug */,
				2A06BB262961329000627D12 /* Release */,
			);
			defaultConfigurationIsVisible = 0;
			defaultConfigurationName = Release;
		};
/* End XCConfigurationList section */
	};
	rootObject = 2A06BAF22961328E00627D12 /* Project object */;
}
